
Microsoft Visual Studio Solution File, Format Version 12.00
# Visual Studio 15
VisualStudioVersion = 15.0.28010.2036
MinimumVisualStudioVersion = 10.0.40219.1
Project("{FAE04EC0-301F-11D3-BF4B-00C04F79EFBC}") = "SOA", "SOA\SOA.csproj", "{38964788-DB1B-4333-8B76-D3196ED09B36}"
EndProject
Global
	GlobalSection(SolutionConfigurationPlatforms) = preSolution
		Debug|Any CPU = Debug|Any CPU
		Release|Any CPU = Release|Any CPU
	EndGlobalSection
	GlobalSection(ProjectConfigurationPlatforms) = postSolution
		{38964788-DB1B-4333-8B76-D3196ED09B36}.Debug|Any CPU.ActiveCfg = Debug|Any CPU
		{38964788-DB1B-4333-8B76-D3196ED09B36}.Debug|Any CPU.Build.0 = Debug|Any CPU
		{38964788-DB1B-4333-8B76-D3196ED09B36}.Release|Any CPU.ActiveCfg = Release|Any CPU
		{38964788-DB1B-4333-8B76-D3196ED09B36}.Release|Any CPU.Build.0 = Release|Any CPU
	EndGlobalSection
	GlobalSection(SolutionProperties) = preSolution
		HideSolutionNode = FALSE
	EndGlobalSection
	GlobalSection(ExtensibilityGlobals) = postSolution
		SolutionGuid = {CA727DB1-F4FC-468F-9AF1-D0B46D228013}
	EndGlobalSection
EndGlobal
